{
  "name": "@hyuga/carrylint",
  "version": "0.2.3",
  "lockfileVersion": 3,
  "requires": true,
  "packages": {
    "": {
      "name": "@hyuga/carrylint",
      "version": "0.2.3",
      "license": "MIT",
      "bin": {
        "carrylint": "src/check.mjs"
      },
      "engines": {
        "node": ">=18"
      }
    }
  }
}
